# This file was autogenerated by Stack.
# You should not edit this file by hand.
# For more information, please see the documentation at:
#   https://docs.haskellstack.org/en/stable/lock_files

packages:
- completed:
    hackage: Spock-0.14.0.0@sha256:7e86ccc9e66ce0fdb84d1dcd328f852d3754c2dbfcb60d0e7e2f1cce2f32f177,3681
    pantry-tree:
      size: 1118
      sha256: 6829dae9ba2492fae3e447afe13013dd863bd48fd5b8addfa74fc55d979de7b2
  original:
    hackage: Spock-0.14.0.0
- completed:
    hackage: Spock-core-0.14.0.0@sha256:b55935c2c2a259a9966999239ee6ec5e41f7d933a58baade687ffa4b4a46fe32,3457
    pantry-tree:
      size: 1113
      sha256: c89cd43f14dd0cc960627f13e5bbc027172f0be85f277f998f06266d48ab8367
  original:
    hackage: Spock-core-0.14.0.0
- completed:
    hackage: reroute-0.6.0.0@sha256:43805b3fdc7ed1ba701cd10e249abc997b2291c8f374b8333bb2ea0e0d1dad0b,2382
    pantry-tree:
      size: 660
      sha256: 0a27afabb1730147d6aa0ddf5cc6368951c4625e3706cb8f5388da9739372fa3
  original:
    hackage: reroute-0.6.0.0
- completed:
    name: hsparql
    version: 0.3.6
    git: https://github.com/robstewart57/hsparql.git
    pantry-tree:
      size: 1314
      sha256: 17dd1f4f6a2e1a9bc5408dcfe60572c64a358bfbf7087bbec27ff74a66b31742
    commit: 7db683d8e47d5b383673a662aaec21380997107b
  original:
    git: https://github.com/robstewart57/hsparql.git
    commit: 7db683d8e47d5b383673a662aaec21380997107b
- completed:
    hackage: rdf4h-4.0.2@sha256:47de41d62c5c2141c990be67f6d1973e0a242db9f1d1d22da4aeeb817de5f0fa,5181
    pantry-tree:
      size: 2562
      sha256: 653ea3104fcc750254d35f3ea4d4946e8acba92224c35e18f06827fa6dcf3012
  original:
    hackage: rdf4h-4.0.2
- completed:
    hackage: mtl-2.2.2@sha256:1050fb71acd9f5d67da7d992583f5bd0eb14407b9dc7acc122af1b738b706ca3,2261
    pantry-tree:
      size: 1713
      sha256: b8bdc2259e2f943a7252fb164805666fe108ac959d398e0af27b43ba2ebc241c
  original:
    hackage: mtl-2.2.2
snapshots:
- completed:
    size: 567037
    url: https://raw.githubusercontent.com/commercialhaskell/stackage-snapshots/master/lts/17/9.yaml
    sha256: d7d8d5106e53d1669964bd8bd2b0f88a5ad192d772f5376384b76738fd992311
  original:
    url: https://raw.githubusercontent.com/commercialhaskell/stackage-snapshots/master/lts/17/9.yaml
