# This file was autogenerated by Stack.
# You should not edit this file by hand.
# For more information, please see the documentation at:
#   https://docs.haskellstack.org/en/stable/lock_files

packages:
- completed:
    name: hsparql
    version: 0.3.6
    git: https://github.com/robstewart57/hsparql.git
    pantry-tree:
      size: 1314
      sha256: 17dd1f4f6a2e1a9bc5408dcfe60572c64a358bfbf7087bbec27ff74a66b31742
    commit: 7db683d8e47d5b383673a662aaec21380997107b
  original:
    git: https://github.com/robstewart57/hsparql.git
    commit: 7db683d8e47d5b383673a662aaec21380997107b
- completed:
    hackage: rdf4h-4.0.2@sha256:47de41d62c5c2141c990be67f6d1973e0a242db9f1d1d22da4aeeb817de5f0fa,5181
    pantry-tree:
      size: 2562
      sha256: 653ea3104fcc750254d35f3ea4d4946e8acba92224c35e18f06827fa6dcf3012
  original:
    hackage: rdf4h-4.0.2
- completed:
    hackage: mtl-2.2.2@sha256:1050fb71acd9f5d67da7d992583f5bd0eb14407b9dc7acc122af1b738b706ca3,2261
    pantry-tree:
      size: 1713
      sha256: b8bdc2259e2f943a7252fb164805666fe108ac959d398e0af27b43ba2ebc241c
  original:
    hackage: mtl-2.2.2
snapshots:
- completed:
    size: 565266
    url: https://raw.githubusercontent.com/commercialhaskell/stackage-snapshots/master/lts/17/5.yaml
    sha256: 78e8ebabf11406261abbc95b44f240acf71802630b368888f6d758de7fc3a2f7
  original: lts-17.5
